
Microsoft Visual Studio Solution File, Format Version 12.00
# Visual Studio 15
VisualStudioVersion = 15.0.28307.852
MinimumVisualStudioVersion = 10.0.40219.1
Project("{8BC9CEB8-8B4A-11D0-8D11-00A0C91BC942}") = "2019CG_Lab1_106502512", "2019CG_Lab1_106502512\2019CG_Lab1_106502512.vcxproj", "{814A7AF0-9ED4-4731-8F11-81F7DB6F0F97}"
EndProject
Global
	GlobalSection(SolutionConfigurationPlatforms) = preSolution
		Debug|x64 = Debug|x64
		Debug|x86 = Debug|x86
		Release|x64 = Release|x64
		Release|x86 = Release|x86
	EndGlobalSection
	GlobalSection(ProjectConfigurationPlatforms) = postSolution
		{814A7AF0-9ED4-4731-8F11-81F7DB6F0F97}.Debug|x64.ActiveCfg = Debug|x64
		{814A7AF0-9ED4-4731-8F11-81F7DB6F0F97}.Debug|x64.Build.0 = Debug|x64
		{814A7AF0-9ED4-4731-8F11-81F7DB6F0F97}.Debug|x86.ActiveCfg = Debug|Win32
		{814A7AF0-9ED4-4731-8F11-81F7DB6F0F97}.Debug|x86.Build.0 = Debug|Win32
		{814A7AF0-9ED4-4731-8F11-81F7DB6F0F97}.Release|x64.ActiveCfg = Release|x64
		{814A7AF0-9ED4-4731-8F11-81F7DB6F0F97}.Release|x64.Build.0 = Release|x64
		{814A7AF0-9ED4-4731-8F11-81F7DB6F0F97}.Release|x86.ActiveCfg = Release|Win32
		{814A7AF0-9ED4-4731-8F11-81F7DB6F0F97}.Release|x86.Build.0 = Release|Win32
	EndGlobalSection
	GlobalSection(SolutionProperties) = preSolution
		HideSolutionNode = FALSE
	EndGlobalSection
	GlobalSection(ExtensibilityGlobals) = postSolution
		SolutionGuid = {A86C0597-5C8F-4400-BD0C-875236701ED8}
	EndGlobalSection
EndGlobal
